
Microsoft Visual Studio Solution File, Format Version 12.00
# Visual Studio 14
VisualStudioVersion = 14.0.25420.1
MinimumVisualStudioVersion = 10.0.40219.1
Project("{2150E333-8FDC-42A3-9474-1A3956D46DE8}") = "_Setup", "_Setup", "{9C0DB7F3-885B-4C91-9657-B7D0985E7FF5}"
	ProjectSection(SolutionItems) = preProject
		TdsGlobal.config = TdsGlobal.config
	EndProjectSection
EndProject
Project("{2150E333-8FDC-42A3-9474-1A3956D46DE8}") = "Foundation", "Foundation", "{5C7A045A-851B-4871-BA9C-6D7C0F1D0F5E}"
EndProject
Project("{2150E333-8FDC-42A3-9474-1A3956D46DE8}") = "SpeRendering", "SpeRendering", "{A44D9849-B170-466F-8DB6-24720514EE65}"
EndProject
Project("{FAE04EC0-301F-11D3-BF4B-00C04F79EFBC}") = "Sitecore.Foundation.SpeRendering", "src\Foundation\SpeRendering\code\Sitecore.Foundation.SpeRendering\Sitecore.Foundation.SpeRendering.csproj", "{90AFCCDB-A769-4F9D-B57F-7810DE01F28C}"
EndProject
Project("{CAA73BB0-EF22-4D79-A57E-DF67B3BA9C80}") = "SpeRendering.Master", "src\Foundation\SpeRendering\tds\SpeRendering.Master\SpeRendering.Master.scproj", "{B29675A5-D8DC-40D0-B70E-58B3AF2F5C6F}"
EndProject
Global
	GlobalSection(SolutionConfigurationPlatforms) = preSolution
		Debug|Any CPU = Debug|Any CPU
		DEV|Any CPU = DEV|Any CPU
		Release|Any CPU = Release|Any CPU
	EndGlobalSection
	GlobalSection(ProjectConfigurationPlatforms) = postSolution
		{90AFCCDB-A769-4F9D-B57F-7810DE01F28C}.Debug|Any CPU.ActiveCfg = Debug|Any CPU
		{90AFCCDB-A769-4F9D-B57F-7810DE01F28C}.Debug|Any CPU.Build.0 = Debug|Any CPU
		{90AFCCDB-A769-4F9D-B57F-7810DE01F28C}.DEV|Any CPU.ActiveCfg = Debug|Any CPU
		{90AFCCDB-A769-4F9D-B57F-7810DE01F28C}.DEV|Any CPU.Build.0 = Debug|Any CPU
		{90AFCCDB-A769-4F9D-B57F-7810DE01F28C}.Release|Any CPU.ActiveCfg = Release|Any CPU
		{90AFCCDB-A769-4F9D-B57F-7810DE01F28C}.Release|Any CPU.Build.0 = Release|Any CPU
		{B29675A5-D8DC-40D0-B70E-58B3AF2F5C6F}.Debug|Any CPU.ActiveCfg = Debug|Any CPU
		{B29675A5-D8DC-40D0-B70E-58B3AF2F5C6F}.Debug|Any CPU.Build.0 = Debug|Any CPU
		{B29675A5-D8DC-40D0-B70E-58B3AF2F5C6F}.Debug|Any CPU.Deploy.0 = Debug|Any CPU
		{B29675A5-D8DC-40D0-B70E-58B3AF2F5C6F}.DEV|Any CPU.ActiveCfg = DEV|Any CPU
		{B29675A5-D8DC-40D0-B70E-58B3AF2F5C6F}.DEV|Any CPU.Build.0 = DEV|Any CPU
		{B29675A5-D8DC-40D0-B70E-58B3AF2F5C6F}.DEV|Any CPU.Deploy.0 = DEV|Any CPU
		{B29675A5-D8DC-40D0-B70E-58B3AF2F5C6F}.Release|Any CPU.ActiveCfg = Release|Any CPU
		{B29675A5-D8DC-40D0-B70E-58B3AF2F5C6F}.Release|Any CPU.Build.0 = Release|Any CPU
		{B29675A5-D8DC-40D0-B70E-58B3AF2F5C6F}.Release|Any CPU.Deploy.0 = Release|Any CPU
	EndGlobalSection
	GlobalSection(SolutionProperties) = preSolution
		HideSolutionNode = FALSE
	EndGlobalSection
	GlobalSection(NestedProjects) = preSolution
		{A44D9849-B170-466F-8DB6-24720514EE65} = {5C7A045A-851B-4871-BA9C-6D7C0F1D0F5E}
		{90AFCCDB-A769-4F9D-B57F-7810DE01F28C} = {A44D9849-B170-466F-8DB6-24720514EE65}
		{B29675A5-D8DC-40D0-B70E-58B3AF2F5C6F} = {A44D9849-B170-466F-8DB6-24720514EE65}
	EndGlobalSection
	GlobalSection(ExtensibilityGlobals) = postSolution
		EnterpriseLibraryConfigurationToolBinariesPathV6 = packages\EnterpriseLibrary.Common.6.0.1304.0\lib\NET45;packages\EnterpriseLibrary.TransientFaultHandling.6.0.1304.0\lib\portable-net45+win+wp8;packages\EnterpriseLibrary.TransientFaultHandling.Caching.6.0.1304.0\lib\NET45;packages\EnterpriseLibrary.TransientFaultHandling.Data.6.0.1304.1\lib\NET45;packages\EnterpriseLibrary.TransientFaultHandling.ServiceBus.6.0.1304.0\lib\NET45;packages\EnterpriseLibrary.TransientFaultHandling.WindowsAzure.Storage.6.0.1304.0\lib\NET45;packages\EnterpriseLibrary.TransientFaultHandling.Configuration.6.0.1304.0\lib\NET45
		SolutionGuid = {88E3E462-4EE1-4C46-89E5-6A00E524645C}
	EndGlobalSection
EndGlobal
